[[package]]
name = "atomicwrites"
version = "1.4.0"
description = "Atomic file writes."
category = "dev"
optional = false
python-versions = ">=2.7, !=3.0.*, !=3.1.*, !=3.2.*, !=3.3.*"

[[package]]
name = "attrs"
version = "21.2.0"
description = "Classes Without Boilerplate"
category = "dev"
optional = false
python-versions = ">=2.7, !=3.0.*, !=3.1.*, !=3.2.*, !=3.3.*, !=3.4.*"

[package.extras]
dev = ["coverage[toml] (>=5.0.2)", "hypothesis", "pympler", "pytest (>=4.3.0)", "six", "mypy", "pytest-mypy-plugins", "zope.interface", "furo", "sphinx", "sphinx-notfound-page", "pre-commit"]
docs = ["furo", "sphinx", "zope.interface", "sphinx-notfound-page"]
tests = ["coverage[toml] (>=5.0.2)", "hypothesis", "pympler", "pytest (>=4.3.0)", "six", "mypy", "pytest-mypy-plugins", "zope.interface"]
tests_no_zope = ["coverage[toml] (>=5.0.2)", "hypothesis", "pympler", "pytest (>=4.3.0)", "six", "mypy", "pytest-mypy-plugins"]

[[package]]
name = "colorama"
version = "0.4.4"
description = "Cross-platform colored terminal text."
category = "dev"
optional = false
python-versions = ">=2.7, !=3.0.*, !=3.1.*, !=3.2.*, !=3.3.*, !=3.4.*"

[[package]]
name = "evdev"
version = "1.4.0"
description = "Bindings to the Linux input handling subsystem"
category = "main"
optional = false
python-versions = "*"

[[package]]
name = "gitdb"
version = "4.0.7"
description = "Git Object Database"
category = "dev"
optional = false
python-versions = ">=3.4"

[package.dependencies]
smmap = ">=3.0.1,<5"

[[package]]
name = "gitpython"
version = "3.1.17"
description = "Python Git Library"
category = "dev"
optional = false
python-versions = ">=3.5"

[package.dependencies]
gitdb = ">=4.0.1,<5"

[[package]]
name = "more-itertools"
version = "8.7.0"
description = "More routines for operating on iterables, beyond itertools"
category = "dev"
optional = false
python-versions = ">=3.5"

[[package]]
name = "packaging"
version = "20.9"
description = "Core utilities for Python packages"
category = "dev"
optional = false
python-versions = ">=2.7, !=3.0.*, !=3.1.*, !=3.2.*, !=3.3.*"

[package.dependencies]
pyparsing = ">=2.0.2"

[[package]]
name = "pluggy"
version = "0.13.1"
description = "plugin and hook calling mechanisms for python"
category = "dev"
optional = false
python-versions = ">=2.7, !=3.0.*, !=3.1.*, !=3.2.*, !=3.3.*"

[package.extras]
dev = ["pre-commit", "tox"]

[[package]]
name = "py"
version = "1.10.0"
description = "library with cross-python path, ini-parsing, io, code, log facilities"
category = "dev"
optional = false
python-versions = ">=2.7, !=3.0.*, !=3.1.*, !=3.2.*, !=3.3.*"

[[package]]
name = "pygetwindow"
version = "0.0.9"
description = "A simple, cross-platform module for obtaining GUI information on application's windows."
category = "main"
optional = false
python-versions = "*"

[package.dependencies]
pyrect = "*"

[[package]]
name = "pynput"
version = "1.7.3"
description = "Monitor and control user input devices"
category = "main"
optional = false
python-versions = "*"

[package.dependencies]
evdev = {version = ">=1.3", markers = "sys_platform in \"linux\""}
pyobjc-framework-Quartz = {version = ">=7.0", markers = "sys_platform == \"darwin\""}
python-xlib = {version = ">=0.17", markers = "sys_platform in \"linux\""}
six = "*"

[[package]]
name = "pyobjc-core"
version = "7.2"
description = "Python<->ObjC Interoperability Module"
category = "main"
optional = false
python-versions = ">=3.6"

[[package]]
name = "pyobjc-framework-cocoa"
version = "7.2"
description = "Wrappers for the Cocoa frameworks on macOS"
category = "main"
optional = false
python-versions = ">=3.6"

[package.dependencies]
pyobjc-core = ">=7.2"

[[package]]
name = "pyobjc-framework-quartz"
version = "7.2"
description = "Wrappers for the Quartz frameworks on macOS"
category = "main"
optional = false
python-versions = ">=3.6"

[package.dependencies]
pyobjc-core = ">=7.2"
pyobjc-framework-Cocoa = ">=7.2"

[[package]]
name = "pyparsing"
version = "2.4.7"
description = "Python parsing module"
category = "dev"
optional = false
python-versions = ">=2.6, !=3.0.*, !=3.1.*, !=3.2.*"

[[package]]
name = "pyrect"
version = "0.1.4"
description = "PyRect is a simple module with a Rect class for Pygame-like rectangular areas."
category = "main"
optional = false
python-versions = "*"

[[package]]
name = "pyserial"
version = "3.5"
description = "Python Serial Port Extension"
category = "main"
optional = false
python-versions = "*"

[package.extras]
cp2110 = ["hidapi"]

[[package]]
name = "pytest"
version = "5.4.3"
description = "pytest: simple powerful testing with Python"
category = "dev"
optional = false
python-versions = ">=3.5"

[package.dependencies]
atomicwrites = {version = ">=1.0", markers = "sys_platform == \"win32\""}
attrs = ">=17.4.0"
colorama = {version = "*", markers = "sys_platform == \"win32\""}
more-itertools = ">=4.0.0"
packaging = "*"
pluggy = ">=0.12,<1.0"
py = ">=1.5.0"
wcwidth = "*"

[package.extras]
checkqa-mypy = ["mypy (==v0.761)"]
testing = ["argcomplete", "hypothesis (>=3.56)", "mock", "nose", "requests", "xmlschema"]

[[package]]
name = "python-xlib"
version = "0.29"
description = "Python X Library"
category = "main"
optional = false
python-versions = "*"

[package.dependencies]
six = ">=1.10.0"

[[package]]
name = "six"
version = "1.16.0"
description = "Python 2 and 3 compatibility utilities"
category = "main"
optional = false
python-versions = ">=2.7, !=3.0.*, !=3.1.*, !=3.2.*"

[[package]]
name = "smmap"
version = "4.0.0"
description = "A pure Python implementation of a sliding window memory map manager"
category = "dev"
optional = false
python-versions = ">=3.5"

[[package]]
name = "toml"
version = "0.10.2"
description = "Python Library for Tom's Obvious, Minimal Language"
category = "dev"
optional = false
python-versions = ">=2.6, !=3.0.*, !=3.1.*, !=3.2.*"

[[package]]
name = "wcwidth"
version = "0.2.5"
description = "Measures the displayed width of unicode strings in a terminal"
category = "dev"
optional = false
python-versions = "*"

[metadata]
lock-version = "1.1"
python-versions = "^3.8"
content-hash = "f31f9b2a2220eb5510eadc2aaee92c4735b2cc8f5a72cf5f94bc3d3d19007560"

[metadata.files]
atomicwrites = [
    {file = "atomicwrites-1.4.0-py2.py3-none-any.whl", hash = "sha256:6d1784dea7c0c8d4a5172b6c620f40b6e4cbfdf96d783691f2e1302a7b88e197"},
    {file = "atomicwrites-1.4.0.tar.gz", hash = "sha256:ae70396ad1a434f9c7046fd2dd196fc04b12f9e91ffb859164193be8b6168a7a"},
]
attrs = [
    {file = "attrs-21.2.0-py2.py3-none-any.whl", hash = "sha256:149e90d6d8ac20db7a955ad60cf0e6881a3f20d37096140088356da6c716b0b1"},
    {file = "attrs-21.2.0.tar.gz", hash = "sha256:ef6aaac3ca6cd92904cdd0d83f629a15f18053ec84e6432106f7a4d04ae4f5fb"},
]
colorama = [
    {file = "colorama-0.4.4-py2.py3-none-any.whl", hash = "sha256:9f47eda37229f68eee03b24b9748937c7dc3868f906e8ba69fbcbdd3bc5dc3e2"},
    {file = "colorama-0.4.4.tar.gz", hash = "sha256:5941b2b48a20143d2267e95b1c2a7603ce057ee39fd88e7329b0c292aa16869b"},
]
evdev = [
    {file = "evdev-1.4.0.tar.gz", hash = "sha256:8782740eb1a86b187334c07feb5127d3faa0b236e113206dfe3ae8f77fb1aaf1"},
]
gitdb = [
    {file = "gitdb-4.0.7-py3-none-any.whl", hash = "sha256:6c4cc71933456991da20917998acbe6cf4fb41eeaab7d6d67fbc05ecd4c865b0"},
    {file = "gitdb-4.0.7.tar.gz", hash = "sha256:96bf5c08b157a666fec41129e6d327235284cca4c81e92109260f353ba138005"},
]
gitpython = [
    {file = "GitPython-3.1.17-py3-none-any.whl", hash = "sha256:29fe82050709760081f588dd50ce83504feddbebdc4da6956d02351552b1c135"},
    {file = "GitPython-3.1.17.tar.gz", hash = "sha256:ee24bdc93dce357630764db659edaf6b8d664d4ff5447ccfeedd2dc5c253f41e"},
]
more-itertools = [
    {file = "more-itertools-8.7.0.tar.gz", hash = "sha256:c5d6da9ca3ff65220c3bfd2a8db06d698f05d4d2b9be57e1deb2be5a45019713"},
    {file = "more_itertools-8.7.0-py3-none-any.whl", hash = "sha256:5652a9ac72209ed7df8d9c15daf4e1aa0e3d2ccd3c87f8265a0673cd9cbc9ced"},
]
packaging = [
    {file = "packaging-20.9-py2.py3-none-any.whl", hash = "sha256:67714da7f7bc052e064859c05c595155bd1ee9f69f76557e21f051443c20947a"},
    {file = "packaging-20.9.tar.gz", hash = "sha256:5b327ac1320dc863dca72f4514ecc086f31186744b84a230374cc1fd776feae5"},
]
pluggy = [
    {file = "pluggy-0.13.1-py2.py3-none-any.whl", hash = "sha256:966c145cd83c96502c3c3868f50408687b38434af77734af1e9ca461a4081d2d"},
    {file = "pluggy-0.13.1.tar.gz", hash = "sha256:15b2acde666561e1298d71b523007ed7364de07029219b604cf808bfa1c765b0"},
]
py = [
    {file = "py-1.10.0-py2.py3-none-any.whl", hash = "sha256:3b80836aa6d1feeaa108e046da6423ab8f6ceda6468545ae8d02d9d58d18818a"},
    {file = "py-1.10.0.tar.gz", hash = "sha256:21b81bda15b66ef5e1a777a21c4dcd9c20ad3efd0b3f817e7a809035269e1bd3"},
]
pygetwindow = [
    {file = "PyGetWindow-0.0.9.tar.gz", hash = "sha256:17894355e7d2b305cd832d717708384017c1698a90ce24f6f7fbf0242dd0a688"},
]
pynput = [
    {file = "pynput-1.7.3-py2.py3-none-any.whl", hash = "sha256:fea5777454f896bd79d35393088cd29a089f3b2da166f0848a922b1d5a807d4f"},
    {file = "pynput-1.7.3-py3.8.egg", hash = "sha256:6626e8ea9ca482bb5628a7169e1193824e382c4ad3053e40f4f24f41ee7b41c9"},
    {file = "pynput-1.7.3.tar.gz", hash = "sha256:4e50b1a0ab86847e87e58f6d1993688b9a44f9f4c88d4712315ea8eb552ef828"},
]
pyobjc-core = [
    {file = "pyobjc-core-7.2.tar.gz", hash = "sha256:9e9ec482d80ea030cdb1613d05a247f31eedabe6666d884d42dd890cc5fb0e05"},
    {file = "pyobjc_core-7.2-cp310-cp310-macosx_10_9_universal2.whl", hash = "sha256:94b4d9de9d228db52dd35012096d63bdf8c1ace58ea3be1d5f6f39313cd502f2"},
    {file = "pyobjc_core-7.2-cp37-cp37m-macosx_10_9_x86_64.whl", hash = "sha256:971cbd7189ae1aa03ef0d16124aa5bcd053779e0e6b6011a41c3dbd5b4ea7e88"},
    {file = "pyobjc_core-7.2-cp38-cp38-macosx_10_9_x86_64.whl", hash = "sha256:9d93b20394008373d6d2856d49aaff26f4b97ff42d924a14516c8a82313ec8c0"},
    {file = "pyobjc_core-7.2-cp39-cp39-macosx_10_9_universal2.whl", hash = "sha256:860183540d1be792c26426018139ac8ba75e85f675c59ba080ccdc52d8e74c7a"},
    {file = "pyobjc_core-7.2-cp39-cp39-macosx_10_9_x86_64.whl", hash = "sha256:ffe61d3c2a404354daf2d895e34e38c5044453353581b3c396bf5365de26250c"},
]
pyobjc-framework-cocoa = [
    {file = "pyobjc-framework-Cocoa-7.2.tar.gz", hash = "sha256:c8b23f03dc3f4436d36c0fd006a8a084835c4f6015187df7c3aa5de8ecd5c653"},
    {file = "pyobjc_framework_Cocoa-7.2-cp310-cp310-macosx_10_9_universal2.whl", hash = "sha256:8e5dd5daa0096755937ec24c345a4b07c3fa131a457f99e0fdeeb01979178ec7"},
    {file = "pyobjc_framework_Cocoa-7.2-cp37-cp37m-macosx_10_9_x86_64.whl", hash = "sha256:828d183947fc7746953fd0c9b1092cc423745ba0b49719e7b7d1e1614aaa20ec"},
    {file = "pyobjc_framework_Cocoa-7.2-cp38-cp38-macosx_10_9_x86_64.whl", hash = "sha256:7e4c6d7baa0c2ab5ea5efb8836ad0b3b3976cffcfc6195c1f195e826c6eb5744"},
    {file = "pyobjc_framework_Cocoa-7.2-cp39-cp39-macosx_10_9_universal2.whl", hash = "sha256:c9a9d1d49cc5a810773c88d6de821e60c8cc41d01113cf1b9e7662938f5f7d66"},
    {file = "pyobjc_framework_Cocoa-7.2-cp39-cp39-macosx_10_9_x86_64.whl", hash = "sha256:506c2cd09f421eac92b9008a0142174c3d1d70ecd4b0e3fa2b924767995fd14e"},
]
pyobjc-framework-quartz = [
    {file = "pyobjc-framework-Quartz-7.2.tar.gz", hash = "sha256:ea554e5697bc6747a4ce793c0b0036da16622b44ff75196d6124603008922afa"},
    {file = "pyobjc_framework_Quartz-7.2-cp310-cp310-macosx_10_9_universal2.whl", hash = "sha256:dc61fe61d26f797e4335f3ffc891bcef64624c728c2603e3307b3910580b2cb8"},
    {file = "pyobjc_framework_Quartz-7.2-cp37-cp37m-macosx_10_9_x86_64.whl", hash = "sha256:ad8103cc38923f2708904db11a0992ea960125ce6adf7b4c7a77d8fdafd412c4"},
    {file = "pyobjc_framework_Quartz-7.2-cp38-cp38-macosx_10_9_x86_64.whl", hash = "sha256:4549d17ca41f0bf62792d5bc4b4293ba9a6cc560014b3e18ba22c65e4a5030d2"},
    {file = "pyobjc_framework_Quartz-7.2-cp39-cp39-macosx_10_9_universal2.whl", hash = "sha256:da16e4f1e13cb7b02e30fa538cbb3a356e4a694bbc2bb26d2bd100ca12a54ff6"},
    {file = "pyobjc_framework_Quartz-7.2-cp39-cp39-macosx_10_9_x86_64.whl", hash = "sha256:c1f6471177a39535cd0358ae29b8f3d31fe778a21deb74105c448c4e726619d7"},
]
pyparsing = [
    {file = "pyparsing-2.4.7-py2.py3-none-any.whl", hash = "sha256:ef9d7589ef3c200abe66653d3f1ab1033c3c419ae9b9bdb1240a85b024efc88b"},
    {file = "pyparsing-2.4.7.tar.gz", hash = "sha256:c203ec8783bf771a155b207279b9bccb8dea02d8f0c9e5f8ead507bc3246ecc1"},
]
pyrect = [
    {file = "PyRect-0.1.4.tar.gz", hash = "sha256:3b2fa7353ce32a11aa6b0a15495968d2a763423c8947ae248b92c037def4e202"},
]
pyserial = [
    {file = "pyserial-3.5-py2.py3-none-any.whl", hash = "sha256:c4451db6ba391ca6ca299fb3ec7bae67a5c55dde170964c7a14ceefec02f2cf0"},
    {file = "pyserial-3.5.tar.gz", hash = "sha256:3c77e014170dfffbd816e6ffc205e9842efb10be9f58ec16d3e8675b4925cddb"},
]
pytest = [
    {file = "pytest-5.4.3-py3-none-any.whl", hash = "sha256:5c0db86b698e8f170ba4582a492248919255fcd4c79b1ee64ace34301fb589a1"},
    {file = "pytest-5.4.3.tar.gz", hash = "sha256:7979331bfcba207414f5e1263b5a0f8f521d0f457318836a7355531ed1a4c7d8"},
]
python-xlib = [
    {file = "python-xlib-0.29.tar.gz", hash = "sha256:e4bcb756f4aa05be7b82ee21de0ba04d73414018727b42ebd9fbcf409ea75d13"},
    {file = "python_xlib-0.29-py2.py3-none-any.whl", hash = "sha256:044095d1b1a5eab5a79f8d0b66f811a9ac6acd038dd3bae00cb3dbe90b32a7e3"},
]
six = [
    {file = "six-1.16.0-py2.py3-none-any.whl", hash = "sha256:8abb2f1d86890a2dfb989f9a77cfcfd3e47c2a354b01111771326f8aa26e0254"},
    {file = "six-1.16.0.tar.gz", hash = "sha256:1e61c37477a1626458e36f7b1d82aa5c9b094fa4802892072e49de9c60c4c926"},
]
smmap = [
    {file = "smmap-4.0.0-py2.py3-none-any.whl", hash = "sha256:a9a7479e4c572e2e775c404dcd3080c8dc49f39918c2cf74913d30c4c478e3c2"},
    {file = "smmap-4.0.0.tar.gz", hash = "sha256:7e65386bd122d45405ddf795637b7f7d2b532e7e401d46bbe3fb49b9986d5182"},
]
toml = [
    {file = "toml-0.10.2-py2.py3-none-any.whl", hash = "sha256:806143ae5bfb6a3c6e736a764057db0e6a0e05e338b5630894a5f779cabb4f9b"},
    {file = "toml-0.10.2.tar.gz", hash = "sha256:b3bda1d108d5dd99f4a20d24d9c348e91c4db7ab1b749200bded2f839ccbe68f"},
]
wcwidth = [
    {file = "wcwidth-0.2.5-py2.py3-none-any.whl", hash = "sha256:beb4802a9cebb9144e99086eff703a642a13d6a0052920003a230f3294bbe784"},
    {file = "wcwidth-0.2.5.tar.gz", hash = "sha256:c4d647b99872929fdb7bdcaa4fbe7f01413ed3d98077df798530e5b04f116c83"},
]
